
Microsoft Visual Studio Solution File, Format Version 12.00
# Visual Studio Version 17
VisualStudioVersion = 17.10.34928.147
MinimumVisualStudioVersion = 10.0.40219.1
Project("{FAE04EC0-301F-11D3-BF4B-00C04F79EFBC}") = "S1.L1", "S1.L1.csproj", "{204BB450-B695-4974-8270-9E3FF7425996}"
EndProject
Global
	GlobalSection(SolutionConfigurationPlatforms) = preSolution
		Debug|Any CPU = Debug|Any CPU
		Release|Any CPU = Release|Any CPU
	EndGlobalSection
	GlobalSection(ProjectConfigurationPlatforms) = postSolution
		{204BB450-B695-4974-8270-9E3FF7425996}.Debug|Any CPU.ActiveCfg = Debug|Any CPU
		{204BB450-B695-4974-8270-9E3FF7425996}.Debug|Any CPU.Build.0 = Debug|Any CPU
		{204BB450-B695-4974-8270-9E3FF7425996}.Release|Any CPU.ActiveCfg = Release|Any CPU
		{204BB450-B695-4974-8270-9E3FF7425996}.Release|Any CPU.Build.0 = Release|Any CPU
	EndGlobalSection
	GlobalSection(SolutionProperties) = preSolution
		HideSolutionNode = FALSE
	EndGlobalSection
	GlobalSection(ExtensibilityGlobals) = postSolution
		SolutionGuid = {F03A71A6-42E9-476C-B49C-B45FD1FC80DF}
	EndGlobalSection
EndGlobal
