
Microsoft Visual Studio Solution File, Format Version 12.00
# Visual Studio Version 17
VisualStudioVersion = 17.10.34928.147
MinimumVisualStudioVersion = 10.0.40219.1
Project("{FAE04EC0-301F-11D3-BF4B-00C04F79EFBC}") = "S.R.2.3", "S.R.2.3.csproj", "{AED7F71B-9A51-44D0-A0F7-1314659C01E1}"
EndProject
Global
	GlobalSection(SolutionConfigurationPlatforms) = preSolution
		Debug|Any CPU = Debug|Any CPU
		Release|Any CPU = Release|Any CPU
	EndGlobalSection
	GlobalSection(ProjectConfigurationPlatforms) = postSolution
		{AED7F71B-9A51-44D0-A0F7-1314659C01E1}.Debug|Any CPU.ActiveCfg = Debug|Any CPU
		{AED7F71B-9A51-44D0-A0F7-1314659C01E1}.Debug|Any CPU.Build.0 = Debug|Any CPU
		{AED7F71B-9A51-44D0-A0F7-1314659C01E1}.Release|Any CPU.ActiveCfg = Release|Any CPU
		{AED7F71B-9A51-44D0-A0F7-1314659C01E1}.Release|Any CPU.Build.0 = Release|Any CPU
	EndGlobalSection
	GlobalSection(SolutionProperties) = preSolution
		HideSolutionNode = FALSE
	EndGlobalSection
	GlobalSection(ExtensibilityGlobals) = postSolution
		SolutionGuid = {93FA1FDF-33FE-475C-9E97-A4A47F8B0456}
	EndGlobalSection
EndGlobal
