
Microsoft Visual Studio Solution File, Format Version 12.00
# Visual Studio Version 17
VisualStudioVersion = 17.10.34928.147
MinimumVisualStudioVersion = 10.0.40219.1
Project("{FAE04EC0-301F-11D3-BF4B-00C04F79EFBC}") = "S1.L3", "S1.L3.csproj", "{2B77242C-C129-422B-B4A2-0DC011A80C8C}"
EndProject
Global
	GlobalSection(SolutionConfigurationPlatforms) = preSolution
		Debug|Any CPU = Debug|Any CPU
		Release|Any CPU = Release|Any CPU
	EndGlobalSection
	GlobalSection(ProjectConfigurationPlatforms) = postSolution
		{2B77242C-C129-422B-B4A2-0DC011A80C8C}.Debug|Any CPU.ActiveCfg = Debug|Any CPU
		{2B77242C-C129-422B-B4A2-0DC011A80C8C}.Debug|Any CPU.Build.0 = Debug|Any CPU
		{2B77242C-C129-422B-B4A2-0DC011A80C8C}.Release|Any CPU.ActiveCfg = Release|Any CPU
		{2B77242C-C129-422B-B4A2-0DC011A80C8C}.Release|Any CPU.Build.0 = Release|Any CPU
	EndGlobalSection
	GlobalSection(SolutionProperties) = preSolution
		HideSolutionNode = FALSE
	EndGlobalSection
	GlobalSection(ExtensibilityGlobals) = postSolution
		SolutionGuid = {D762A3C6-986B-4435-AC3F-A04E7D878892}
	EndGlobalSection
EndGlobal
