
Microsoft Visual Studio Solution File, Format Version 12.00
# Visual Studio Version 17
VisualStudioVersion = 17.10.34928.147
MinimumVisualStudioVersion = 10.0.40219.1
Project("{FAE04EC0-301F-11D3-BF4B-00C04F79EFBC}") = "S2", "S2.csproj", "{EDF258C6-7357-4F32-A316-458EC0E9DEF7}"
EndProject
Global
	GlobalSection(SolutionConfigurationPlatforms) = preSolution
		Debug|Any CPU = Debug|Any CPU
		Release|Any CPU = Release|Any CPU
	EndGlobalSection
	GlobalSection(ProjectConfigurationPlatforms) = postSolution
		{EDF258C6-7357-4F32-A316-458EC0E9DEF7}.Debug|Any CPU.ActiveCfg = Debug|Any CPU
		{EDF258C6-7357-4F32-A316-458EC0E9DEF7}.Debug|Any CPU.Build.0 = Debug|Any CPU
		{EDF258C6-7357-4F32-A316-458EC0E9DEF7}.Release|Any CPU.ActiveCfg = Release|Any CPU
		{EDF258C6-7357-4F32-A316-458EC0E9DEF7}.Release|Any CPU.Build.0 = Release|Any CPU
	EndGlobalSection
	GlobalSection(SolutionProperties) = preSolution
		HideSolutionNode = FALSE
	EndGlobalSection
	GlobalSection(ExtensibilityGlobals) = postSolution
		SolutionGuid = {8749E5CB-9D98-44E8-86A3-6572C2E43872}
	EndGlobalSection
EndGlobal
