
Microsoft Visual Studio Solution File, Format Version 12.00
# Visual Studio Version 17
VisualStudioVersion = 17.10.34928.147
MinimumVisualStudioVersion = 10.0.40219.1
Project("{FAE04EC0-301F-11D3-BF4B-00C04F79EFBC}") = "Lab2.2", "Lab2.2.csproj", "{17379635-11C5-4CBE-B4F8-05C8A2B313BA}"
EndProject
Global
	GlobalSection(SolutionConfigurationPlatforms) = preSolution
		Debug|Any CPU = Debug|Any CPU
		Release|Any CPU = Release|Any CPU
	EndGlobalSection
	GlobalSection(ProjectConfigurationPlatforms) = postSolution
		{17379635-11C5-4CBE-B4F8-05C8A2B313BA}.Debug|Any CPU.ActiveCfg = Debug|Any CPU
		{17379635-11C5-4CBE-B4F8-05C8A2B313BA}.Debug|Any CPU.Build.0 = Debug|Any CPU
		{17379635-11C5-4CBE-B4F8-05C8A2B313BA}.Release|Any CPU.ActiveCfg = Release|Any CPU
		{17379635-11C5-4CBE-B4F8-05C8A2B313BA}.Release|Any CPU.Build.0 = Release|Any CPU
	EndGlobalSection
	GlobalSection(SolutionProperties) = preSolution
		HideSolutionNode = FALSE
	EndGlobalSection
	GlobalSection(ExtensibilityGlobals) = postSolution
		SolutionGuid = {424FC062-772D-4CB5-A96E-F20425385016}
	EndGlobalSection
EndGlobal
