
Microsoft Visual Studio Solution File, Format Version 12.00
# Visual Studio Version 17
VisualStudioVersion = 17.10.34928.147
MinimumVisualStudioVersion = 10.0.40219.1
Project("{FAE04EC0-301F-11D3-BF4B-00C04F79EFBC}") = "Lab.5.1", "Lab.5.1.csproj", "{FA9124F1-062E-4F8D-A53F-B7CF79DCC4CE}"
EndProject
Global
	GlobalSection(SolutionConfigurationPlatforms) = preSolution
		Debug|Any CPU = Debug|Any CPU
		Release|Any CPU = Release|Any CPU
	EndGlobalSection
	GlobalSection(ProjectConfigurationPlatforms) = postSolution
		{FA9124F1-062E-4F8D-A53F-B7CF79DCC4CE}.Debug|Any CPU.ActiveCfg = Debug|Any CPU
		{FA9124F1-062E-4F8D-A53F-B7CF79DCC4CE}.Debug|Any CPU.Build.0 = Debug|Any CPU
		{FA9124F1-062E-4F8D-A53F-B7CF79DCC4CE}.Release|Any CPU.ActiveCfg = Release|Any CPU
		{FA9124F1-062E-4F8D-A53F-B7CF79DCC4CE}.Release|Any CPU.Build.0 = Release|Any CPU
	EndGlobalSection
	GlobalSection(SolutionProperties) = preSolution
		HideSolutionNode = FALSE
	EndGlobalSection
	GlobalSection(ExtensibilityGlobals) = postSolution
		SolutionGuid = {8B4E3EF9-110F-4720-8334-53E548A58290}
	EndGlobalSection
EndGlobal
